{
  "version": 4,
  "terraform_version": "1.5.6",
  "serial": 6,
  "lineage": "12dd53ff-2af5-f577-ba15-eb0dbeecd350",
  "outputs": {},
  "resources": [
    {
      "mode": "managed",
      "type": "google_storage_bucket",
      "name": "website",
      "provider": "provider[\"registry.terraform.io/hashicorp/google\"]",
      "instances": [
        {
          "schema_version": 0,
          "attributes": {
            "autoclass": [],
            "cors": [],
            "custom_placement_config": [],
            "default_event_based_hold": false,
            "encryption": [],
            "force_destroy": false,
            "id": "example-webiste-by-mat",
            "labels": {},
            "lifecycle_rule": [],
            "location": "EU",
            "logging": [],
            "name": "example-webiste-by-mat",
            "project": "terraform-tutorial-gcp-ffc",
            "public_access_prevention": "inherited",
            "requester_pays": false,
            "retention_policy": [],
            "self_link": "https://www.googleapis.com/storage/v1/b/example-webiste-by-mat",
            "storage_class": "STANDARD",
            "timeouts": null,
            "uniform_bucket_level_access": false,
            "url": "gs://example-webiste-by-mat",
            "versioning": [],
            "website": []
          },
          "sensitive_attributes": [],
          "private": "eyJlMmJmYjczMC1lY2FhLTExZTYtOGY4OC0zNDM2M2JjN2M0YzAiOnsiY3JlYXRlIjo2MDAwMDAwMDAwMDAsInJlYWQiOjI0MDAwMDAwMDAwMCwidXBkYXRlIjoyNDAwMDAwMDAwMDB9fQ=="
        }
      ]
    },
    {
      "mode": "managed",
      "type": "google_storage_bucket_object",
      "name": "static_site_logoasset",
      "provider": "provider[\"registry.terraform.io/hashicorp/google\"]",
      "instances": [
        {
          "schema_version": 0,
          "attributes": {
            "bucket": "example-webiste-by-mat",
            "cache_control": "",
            "content": null,
            "content_disposition": "",
            "content_encoding": "",
            "content_language": "",
            "content_type": "image/png",
            "crc32c": "bxMC1w==",
            "customer_encryption": [],
            "detect_md5hash": "/N+dEWntw4U5/fQwooLWVA==",
            "event_based_hold": false,
            "id": "example-webiste-by-mat-cropped-mathmatowickilogo.png",
            "kms_key_name": "",
            "md5hash": "/N+dEWntw4U5/fQwooLWVA==",
            "media_link": "https://storage.googleapis.com/download/storage/v1/b/example-webiste-by-mat/o/cropped-mathmatowickilogo.png?generation=1693911833567898\u0026alt=media",
            "metadata": null,
            "name": "cropped-mathmatowickilogo.png",
            "output_name": "cropped-mathmatowickilogo.png",
            "self_link": "https://www.googleapis.com/storage/v1/b/example-webiste-by-mat/o/cropped-mathmatowickilogo.png",
            "source": "../website/cropped-mathmatowickilogo.png",
            "storage_class": "STANDARD",
            "temporary_hold": false,
            "timeouts": null
          },
          "sensitive_attributes": [],
          "private": "eyJlMmJmYjczMC1lY2FhLTExZTYtOGY4OC0zNDM2M2JjN2M0YzAiOnsiY3JlYXRlIjoyNDAwMDAwMDAwMDAsImRlbGV0ZSI6MjQwMDAwMDAwMDAwLCJ1cGRhdGUiOjI0MDAwMDAwMDAwMH19",
          "dependencies": [
            "google_storage_bucket.website"
          ]
        }
      ]
    },
    {
      "mode": "managed",
      "type": "google_storage_bucket_object",
      "name": "static_site_src",
      "provider": "provider[\"registry.terraform.io/hashicorp/google\"]",
      "instances": [
        {
          "schema_version": 0,
          "attributes": {
            "bucket": "example-webiste-by-mat",
            "cache_control": "",
            "content": null,
            "content_disposition": "",
            "content_encoding": "",
            "content_language": "",
            "content_type": "text/html; charset=utf-8",
            "crc32c": "P75Rug==",
            "customer_encryption": [],
            "detect_md5hash": "4aR+EAIgn9PeaCmohryLKw==",
            "event_based_hold": false,
            "id": "example-webiste-by-mat-index.html",
            "kms_key_name": "",
            "md5hash": "4aR+EAIgn9PeaCmohryLKw==",
            "media_link": "https://storage.googleapis.com/download/storage/v1/b/example-webiste-by-mat/o/index.html?generation=1693911833468161\u0026alt=media",
            "metadata": null,
            "name": "index.html",
            "output_name": "index.html",
            "self_link": "https://www.googleapis.com/storage/v1/b/example-webiste-by-mat/o/index.html",
            "source": "../website/index.html",
            "storage_class": "STANDARD",
            "temporary_hold": false,
            "timeouts": null
          },
          "sensitive_attributes": [],
          "private": "eyJlMmJmYjczMC1lY2FhLTExZTYtOGY4OC0zNDM2M2JjN2M0YzAiOnsiY3JlYXRlIjoyNDAwMDAwMDAwMDAsImRlbGV0ZSI6MjQwMDAwMDAwMDAwLCJ1cGRhdGUiOjI0MDAwMDAwMDAwMH19",
          "dependencies": [
            "google_storage_bucket.website"
          ]
        }
      ]
    },
    {
      "mode": "managed",
      "type": "google_storage_object_access_control",
      "name": "public_rule",
      "provider": "provider[\"registry.terraform.io/hashicorp/google\"]",
      "instances": [
        {
          "schema_version": 0,
          "attributes": {
            "bucket": "example-webiste-by-mat",
            "domain": "",
            "email": "",
            "entity": "allUsers",
            "entity_id": "",
            "generation": 1693911833468161,
            "id": "example-webiste-by-mat/index.html/allUsers",
            "object": "index.html",
            "project_team": [],
            "role": "READER",
            "timeouts": null
          },
          "sensitive_attributes": [],
          "private": "eyJlMmJmYjczMC1lY2FhLTExZTYtOGY4OC0zNDM2M2JjN2M0YzAiOnsiY3JlYXRlIjoxMjAwMDAwMDAwMDAwLCJkZWxldGUiOjEyMDAwMDAwMDAwMDAsInVwZGF0ZSI6MTIwMDAwMDAwMDAwMH19",
          "dependencies": [
            "google_storage_bucket.website",
            "google_storage_bucket_object.static_site_src"
          ]
        }
      ]
    },
    {
      "mode": "managed",
      "type": "google_storage_object_access_control",
      "name": "public_second_rule",
      "provider": "provider[\"registry.terraform.io/hashicorp/google\"]",
      "instances": [
        {
          "schema_version": 0,
          "attributes": {
            "bucket": "example-webiste-by-mat",
            "domain": "",
            "email": "",
            "entity": "allUsers",
            "entity_id": "",
            "generation": 1693911833567898,
            "id": "example-webiste-by-mat/cropped-mathmatowickilogo.png/allUsers",
            "object": "cropped-mathmatowickilogo.png",
            "project_team": [],
            "role": "READER",
            "timeouts": null
          },
          "sensitive_attributes": [],
          "private": "eyJlMmJmYjczMC1lY2FhLTExZTYtOGY4OC0zNDM2M2JjN2M0YzAiOnsiY3JlYXRlIjoxMjAwMDAwMDAwMDAwLCJkZWxldGUiOjEyMDAwMDAwMDAwMDAsInVwZGF0ZSI6MTIwMDAwMDAwMDAwMH19",
          "dependencies": [
            "google_storage_bucket.website",
            "google_storage_bucket_object.static_site_logoasset"
          ]
        }
      ]
    }
  ],
  "check_results": null
}
